
Microsoft Visual Studio Solution File, Format Version 12.00
# Visual Studio Version 17
VisualStudioVersion = 17.2.32616.157
MinimumVisualStudioVersion = 10.0.40219.1
Project("{9A19103F-16F7-4668-BE54-9A1E7A4F7556}") = "Basic.CompilerLog.Util", "src\Basic.CompilerLog.Util\Basic.CompilerLog.Util.csproj", "{3E6234A8-1FD7-444C-9CE4-C0AB7E9E1031}"
EndProject
Project("{9A19103F-16F7-4668-BE54-9A1E7A4F7556}") = "Basic.CompilerLog", "src\Basic.CompilerLog\Basic.CompilerLog.csproj", "{3A77B0E1-F383-4663-BA36-A1855E7624DC}"
EndProject
Project("{2150E333-8FDC-42A3-9474-1A3956D46DE8}") = "src", "src", "{4EBC649C-4761-48EF-9944-70111CA984D9}"
EndProject
Project("{FAE04EC0-301F-11D3-BF4B-00C04F79EFBC}") = "Scratch", "src\Scratch\Scratch.csproj", "{F7D434FA-4C67-4354-89AA-80C2AA892D5F}"
EndProject
Global
	GlobalSection(SolutionConfigurationPlatforms) = preSolution
		Debug|Any CPU = Debug|Any CPU
		Release|Any CPU = Release|Any CPU
	EndGlobalSection
	GlobalSection(ProjectConfigurationPlatforms) = postSolution
		{3E6234A8-1FD7-444C-9CE4-C0AB7E9E1031}.Debug|Any CPU.ActiveCfg = Debug|Any CPU
		{3E6234A8-1FD7-444C-9CE4-C0AB7E9E1031}.Debug|Any CPU.Build.0 = Debug|Any CPU
		{3E6234A8-1FD7-444C-9CE4-C0AB7E9E1031}.Release|Any CPU.ActiveCfg = Release|Any CPU
		{3E6234A8-1FD7-444C-9CE4-C0AB7E9E1031}.Release|Any CPU.Build.0 = Release|Any CPU
		{3A77B0E1-F383-4663-BA36-A1855E7624DC}.Debug|Any CPU.ActiveCfg = Debug|Any CPU
		{3A77B0E1-F383-4663-BA36-A1855E7624DC}.Debug|Any CPU.Build.0 = Debug|Any CPU
		{3A77B0E1-F383-4663-BA36-A1855E7624DC}.Release|Any CPU.ActiveCfg = Release|Any CPU
		{3A77B0E1-F383-4663-BA36-A1855E7624DC}.Release|Any CPU.Build.0 = Release|Any CPU
		{F7D434FA-4C67-4354-89AA-80C2AA892D5F}.Debug|Any CPU.ActiveCfg = Debug|Any CPU
		{F7D434FA-4C67-4354-89AA-80C2AA892D5F}.Debug|Any CPU.Build.0 = Debug|Any CPU
		{F7D434FA-4C67-4354-89AA-80C2AA892D5F}.Release|Any CPU.ActiveCfg = Release|Any CPU
		{F7D434FA-4C67-4354-89AA-80C2AA892D5F}.Release|Any CPU.Build.0 = Release|Any CPU
	EndGlobalSection
	GlobalSection(SolutionProperties) = preSolution
		HideSolutionNode = FALSE
	EndGlobalSection
	GlobalSection(ExtensibilityGlobals) = postSolution
		SolutionGuid = {237FF09A-E587-485D-9894-30D24BACA531}
	EndGlobalSection
	GlobalSection(NestedProjects) = preSolution
		{F7D434FA-4C67-4354-89AA-80C2AA892D5F} = {4EBC649C-4761-48EF-9944-70111CA984D9}
	EndGlobalSection
EndGlobal
